// !$*UTF8*$!
{
	archiveVersion = 1;
	classes = {
	};
	objectVersion = 56;
	objects = {

/* Begin PBXBuildFile section */
		FA60E0342BBAB8E700296A92 /* TestFramework.docc in Sources */ = {isa = PBXBuildFile; fileRef = FA60E0332BBAB8E700296A92 /* TestFramework.docc */; };
		FA60E03A2BBAB8E800296A92 /* TestFramework.framework in Frameworks */ = {isa = PBXBuildFile; fileRef = FA60E02F2BBAB8E700296A92 /* TestFramework.framework */; };
		FA60E03F2BBAB8E800296A92 /* TestFrameworkTests.m in Sources */ = {isa = PBXBuildFile; fileRef = FA60E03E2BBAB8E800296A92 /* TestFrameworkTests.m */; };
		FA60E0402BBAB8E800296A92 /* TestFramework.h in Headers */ = {isa = PBXBuildFile; fileRef = FA60E0322BBAB8E700296A92 /* TestFramework.h */; settings = {ATTRIBUTES = (Public, ); }; };
		FA60E0A92BBAB9A700296A92 /* Test1.h in Headers */ = {isa = PBXBuildFile; fileRef = FA60E0A72BBAB9A700296A92 /* Test1.h */; settings = {ATTRIBUTES = (Public, ); }; };
		FA60E0AA2BBAB9A700296A92 /* Test1.m in Sources */ = {isa = PBXBuildFile; fileRef = FA60E0A82BBAB9A700296A92 /* Test1.m */; };
/* End PBXBuildFile section */

/* Begin PBXContainerItemProxy section */
		FA60E03B2BBAB8E800296A92 /* PBXContainerItemProxy */ = {
			isa = PBXContainerItemProxy;
			containerPortal = FA60E0262BBAB8E700296A92 /* Project object */;
			proxyType = 1;
			remoteGlobalIDString = FA60E02E2BBAB8E700296A92;
			remoteInfo = TestFramework;
		};
/* End PBXContainerItemProxy section */

/* Begin PBXFileReference section */
		FA60E02F2BBAB8E700296A92 /* TestFramework.framework */ = {isa = PBXFileReference; explicitFileType = wrapper.framework; includeInIndex = 0; path = TestFramework.framework; sourceTree = BUILT_PRODUCTS_DIR; };
		FA60E0322BBAB8E700296A92 /* TestFramework.h */ = {isa = PBXFileReference; lastKnownFileType = sourcecode.c.h; path = TestFramework.h; sourceTree = "<group>"; };
		FA60E0332BBAB8E700296A92 /* TestFramework.docc */ = {isa = PBXFileReference; lastKnownFileType = folder.documentationcatalog; path = TestFramework.docc; sourceTree = "<group>"; };
		FA60E0392BBAB8E800296A92 /* TestFrameworkTests.xctest */ = {isa = PBXFileReference; explicitFileType = wrapper.cfbundle; includeInIndex = 0; path = TestFrameworkTests.xctest; sourceTree = BUILT_PRODUCTS_DIR; };
		FA60E03E2BBAB8E800296A92 /* TestFrameworkTests.m */ = {isa = PBXFileReference; lastKnownFileType = sourcecode.c.objc; path = TestFrameworkTests.m; sourceTree = "<group>"; };
		FA60E0A72BBAB9A700296A92 /* Test1.h */ = {isa = PBXFileReference; lastKnownFileType = sourcecode.c.h; path = Test1.h; sourceTree = "<group>"; };
		FA60E0A82BBAB9A700296A92 /* Test1.m */ = {isa = PBXFileReference; lastKnownFileType = sourcecode.c.objc; path = Test1.m; sourceTree = "<group>"; };
/* End PBXFileReference section */

/* Begin PBXFrameworksBuildPhase section */
		FA60E02C2BBAB8E700296A92 /* Frameworks */ = {
			isa = PBXFrameworksBuildPhase;
			buildActionMask = 2147483647;
			files = (
			);
			runOnlyForDeploymentPostprocessing = 0;
		};
		FA60E0362BBAB8E800296A92 /* Frameworks */ = {
			isa = PBXFrameworksBuildPhase;
			buildActionMask = 2147483647;
			files = (
				FA60E03A2BBAB8E800296A92 /* TestFramework.framework in Frameworks */,
			);
			runOnlyForDeploymentPostprocessing = 0;
		};
/* End PBXFrameworksBuildPhase section */

/* Begin PBXGroup section */
		FA60E0252BBAB8E700296A92 = {
			isa = PBXGroup;
			children = (
				FA60E0312BBAB8E700296A92 /* TestFramework */,
				FA60E03D2BBAB8E800296A92 /* TestFrameworkTests */,
				FA60E0302BBAB8E700296A92 /* Products */,
			);
			sourceTree = "<group>";
		};
		FA60E0302BBAB8E700296A92 /* Products */ = {
			isa = PBXGroup;
			children = (
				FA60E02F2BBAB8E700296A92 /* TestFramework.framework */,
				FA60E0392BBAB8E800296A92 /* TestFrameworkTests.xctest */,
			);
			name = Products;
			sourceTree = "<group>";
		};
		FA60E0312BBAB8E700296A92 /* TestFramework */ = {
			isa = PBXGroup;
			children = (
				FA60E0322BBAB8E700296A92 /* TestFramework.h */,
				FA60E0332BBAB8E700296A92 /* TestFramework.docc */,
				FA60E0A72BBAB9A700296A92 /* Test1.h */,
				FA60E0A82BBAB9A700296A92 /* Test1.m */,
			);
			path = TestFramework;
			sourceTree = "<group>";
		};
		FA60E03D2BBAB8E800296A92 /* TestFrameworkTests */ = {
			isa = PBXGroup;
			children = (
				FA60E03E2BBAB8E800296A92 /* TestFrameworkTests.m */,
			);
			path = TestFrameworkTests;
			sourceTree = "<group>";
		};
/* End PBXGroup section */

/* Begin PBXHeadersBuildPhase section */
		FA60E02A2BBAB8E700296A92 /* Headers */ = {
			isa = PBXHeadersBuildPhase;
			buildActionMask = 2147483647;
			files = (
				FA60E0A92BBAB9A700296A92 /* Test1.h in Headers */,
				FA60E0402BBAB8E800296A92 /* TestFramework.h in Headers */,
			);
			runOnlyForDeploymentPostprocessing = 0;
		};
/* End PBXHeadersBuildPhase section */

/* Begin PBXNativeTarget section */
		FA60E02E2BBAB8E700296A92 /* TestFramework */ = {
			isa = PBXNativeTarget;
			buildConfigurationList = FA60E0432BBAB8E800296A92 /* Build configuration list for PBXNativeTarget "TestFramework" */;
			buildPhases = (
				FA60E02A2BBAB8E700296A92 /* Headers */,
				FA60E02B2BBAB8E700296A92 /* Sources */,
				FA60E02C2BBAB8E700296A92 /* Frameworks */,
				FA60E02D2BBAB8E700296A92 /* Resources */,
			);
			buildRules = (
			);
			dependencies = (
			);
			name = TestFramework;
			productName = TestFramework;
			productReference = FA60E02F2BBAB8E700296A92 /* TestFramework.framework */;
			productType = "com.apple.product-type.framework";
		};
		FA60E0382BBAB8E800296A92 /* TestFrameworkTests */ = {
			isa = PBXNativeTarget;
			buildConfigurationList = FA60E0462BBAB8E800296A92 /* Build configuration list for PBXNativeTarget "TestFrameworkTests" */;
			buildPhases = (
				FA60E0352BBAB8E800296A92 /* Sources */,
				FA60E0362BBAB8E800296A92 /* Frameworks */,
				FA60E0372BBAB8E800296A92 /* Resources */,
			);
			buildRules = (
			);
			dependencies = (
				FA60E03C2BBAB8E800296A92 /* PBXTargetDependency */,
			);
			name = TestFrameworkTests;
			productName = TestFrameworkTests;
			productReference = FA60E0392BBAB8E800296A92 /* TestFrameworkTests.xctest */;
			productType = "com.apple.product-type.bundle.unit-test";
		};
/* End PBXNativeTarget section */

/* Begin PBXProject section */
		FA60E0262BBAB8E700296A92 /* Project object */ = {
			isa = PBXProject;
			attributes = {
				BuildIndependentTargetsInParallel = 1;
				LastUpgradeCheck = 1430;
				TargetAttributes = {
					FA60E02E2BBAB8E700296A92 = {
						CreatedOnToolsVersion = 14.3;
					};
					FA60E0382BBAB8E800296A92 = {
						CreatedOnToolsVersion = 14.3;
					};
				};
			};
			buildConfigurationList = FA60E0292BBAB8E700296A92 /* Build configuration list for PBXProject "TestFramework" */;
			compatibilityVersion = "Xcode 14.0";
			developmentRegion = en;
			hasScannedForEncodings = 0;
			knownRegions = (
				en,
				Base,
			);
			mainGroup = FA60E0252BBAB8E700296A92;
			productRefGroup = FA60E0302BBAB8E700296A92 /* Products */;
			projectDirPath = "";
			projectRoot = "";
			targets = (
				FA60E02E2BBAB8E700296A92 /* TestFramework */,
				FA60E0382BBAB8E800296A92 /* TestFrameworkTests */,
			);
		};
/* End PBXProject section */

/* Begin PBXResourcesBuildPhase section */
		FA60E02D2BBAB8E700296A92 /* Resources */ = {
			isa = PBXResourcesBuildPhase;
			buildActionMask = 2147483647;
			files = (
			);
			runOnlyForDeploymentPostprocessing = 0;
		};
		FA60E0372BBAB8E800296A92 /* Resources */ = {
			isa = PBXResourcesBuildPhase;
			buildActionMask = 2147483647;
			files = (
			);
			runOnlyForDeploymentPostprocessing = 0;
		};
/* End PBXResourcesBuildPhase section */

/* Begin PBXSourcesBuildPhase section */
		FA60E02B2BBAB8E700296A92 /* Sources */ = {
			isa = PBXSourcesBuildPhase;
			buildActionMask = 2147483647;
			files = (
				FA60E0342BBAB8E700296A92 /* TestFramework.docc in Sources */,
				FA60E0AA2BBAB9A700296A92 /* Test1.m in Sources */,
			);
			runOnlyForDeploymentPostprocessing = 0;
		};
		FA60E0352BBAB8E800296A92 /* Sources */ = {
			isa = PBXSourcesBuildPhase;
			buildActionMask = 2147483647;
			files = (
				FA60E03F2BBAB8E800296A92 /* TestFrameworkTests.m in Sources */,
			);
			runOnlyForDeploymentPostprocessing = 0;
		};
/* End PBXSourcesBuildPhase section */

/* Begin PBXTargetDependency section */
		FA60E03C2BBAB8E800296A92 /* PBXTargetDependency */ = {
			isa = PBXTargetDependency;
			target = FA60E02E2BBAB8E700296A92 /* TestFramework */;
			targetProxy = FA60E03B2BBAB8E800296A92 /* PBXContainerItemProxy */;
		};
/* End PBXTargetDependency section */

/* Begin XCBuildConfiguration section */
		FA60E0412BBAB8E800296A92 /* Debug */ = {
			isa = XCBuildConfiguration;
			buildSettings = {
				ALWAYS_SEARCH_USER_PATHS = NO;
				CLANG_ANALYZER_NONNULL = YES;
				CLANG_ANALYZER_NUMBER_OBJECT_CONVERSION = YES_AGGRESSIVE;
				CLANG_CXX_LANGUAGE_STANDARD = "gnu++20";
				CLANG_ENABLE_MODULES = YES;
				CLANG_ENABLE_OBJC_ARC = YES;
				CLANG_ENABLE_OBJC_WEAK = YES;
				CLANG_WARN_BLOCK_CAPTURE_AUTORELEASING = YES;
				CLANG_WARN_BOOL_CONVERSION = YES;
				CLANG_WARN_COMMA = YES;
				CLANG_WARN_CONSTANT_CONVERSION = YES;
				CLANG_WARN_DEPRECATED_OBJC_IMPLEMENTATIONS = YES;
				CLANG_WARN_DIRECT_OBJC_ISA_USAGE = YES_ERROR;
				CLANG_WARN_DOCUMENTATION_COMMENTS = YES;
				CLANG_WARN_EMPTY_BODY = YES;
				CLANG_WARN_ENUM_CONVERSION = YES;
				CLANG_WARN_INFINITE_RECURSION = YES;
				CLANG_WARN_INT_CONVERSION = YES;
				CLANG_WARN_NON_LITERAL_NULL_CONVERSION = YES;
				CLANG_WARN_OBJC_IMPLICIT_RETAIN_SELF = YES;
				CLANG_WARN_OBJC_LITERAL_CONVERSION = YES;
				CLANG_WARN_OBJC_ROOT_CLASS = YES_ERROR;
				CLANG_WARN_QUOTED_INCLUDE_IN_FRAMEWORK_HEADER = YES;
				CLANG_WARN_RANGE_LOOP_ANALYSIS = YES;
				CLANG_WARN_STRICT_PROTOTYPES = YES;
				CLANG_WARN_SUSPICIOUS_MOVE = YES;
				CLANG_WARN_UNGUARDED_AVAILABILITY = YES_AGGRESSIVE;
				CLANG_WARN_UNREACHABLE_CODE = YES;
				CLANG_WARN__DUPLICATE_METHOD_MATCH = YES;
				COPY_PHASE_STRIP = NO;
				CURRENT_PROJECT_VERSION = 1;
				DEBUG_INFORMATION_FORMAT = dwarf;
				ENABLE_STRICT_OBJC_MSGSEND = YES;
				ENABLE_TESTABILITY = YES;
				GCC_C_LANGUAGE_STANDARD = gnu11;
				GCC_DYNAMIC_NO_PIC = NO;
				GCC_NO_COMMON_BLOCKS = YES;
				GCC_OPTIMIZATION_LEVEL = 0;
				GCC_PREPROCESSOR_DEFINITIONS = (
					"DEBUG=1",
					"$(inherited)",
				);
				GCC_WARN_64_TO_32_BIT_CONVERSION = YES;
				GCC_WARN_ABOUT_RETURN_TYPE = YES_ERROR;
				GCC_WARN_UNDECLARED_SELECTOR = YES;
				GCC_WARN_UNINITIALIZED_AUTOS = YES_AGGRESSIVE;
				GCC_WARN_UNUSED_FUNCTION = YES;
				GCC_WARN_UNUSED_VARIABLE = YES;
				IPHONEOS_DEPLOYMENT_TARGET = 16.4;
				MTL_ENABLE_DEBUG_INFO = INCLUDE_SOURCE;
				MTL_FAST_MATH = YES;
				ONLY_ACTIVE_ARCH = YES;
				SDKROOT = iphoneos;
				VERSIONING_SYSTEM = "apple-generic";
				VERSION_INFO_PREFIX = "";
			};
			name = Debug;
		};
		FA60E0422BBAB8E800296A92 /* Release */ = {
			isa = XCBuildConfiguration;
			buildSettings = {
				ALWAYS_SEARCH_USER_PATHS = NO;
				CLANG_ANALYZER_NONNULL = YES;
				CLANG_ANALYZER_NUMBER_OBJECT_CONVERSION = YES_AGGRESSIVE;
				CLANG_CXX_LANGUAGE_STANDARD = "gnu++20";
				CLANG_ENABLE_MODULES = YES;
				CLANG_ENABLE_OBJC_ARC = YES;
				CLANG_ENABLE_OBJC_WEAK = YES;
				CLANG_WARN_BLOCK_CAPTURE_AUTORELEASING = YES;
				CLANG_WARN_BOOL_CONVERSION = YES;
				CLANG_WARN_COMMA = YES;
				CLANG_WARN_CONSTANT_CONVERSION = YES;
				CLANG_WARN_DEPRECATED_OBJC_IMPLEMENTATIONS = YES;
				CLANG_WARN_DIRECT_OBJC_ISA_USAGE = YES_ERROR;
				CLANG_WARN_DOCUMENTATION_COMMENTS = YES;
				CLANG_WARN_EMPTY_BODY = YES;
				CLANG_WARN_ENUM_CONVERSION = YES;
				CLANG_WARN_INFINITE_RECURSION = YES;
				CLANG_WARN_INT_CONVERSION = YES;
				CLANG_WARN_NON_LITERAL_NULL_CONVERSION = YES;
				CLANG_WARN_OBJC_IMPLICIT_RETAIN_SELF = YES;
				CLANG_WARN_OBJC_LITERAL_CONVERSION = YES;
				CLANG_WARN_OBJC_ROOT_CLASS = YES_ERROR;
				CLANG_WARN_QUOTED_INCLUDE_IN_FRAMEWORK_HEADER = YES;
				CLANG_WARN_RANGE_LOOP_ANALYSIS = YES;
				CLANG_WARN_STRICT_PROTOTYPES = YES;
				CLANG_WARN_SUSPICIOUS_MOVE = YES;
				CLANG_WARN_UNGUARDED_AVAILABILITY = YES_AGGRESSIVE;
				CLANG_WARN_UNREACHABLE_CODE = YES;
				CLANG_WARN__DUPLICATE_METHOD_MATCH = YES;
				COPY_PHASE_STRIP = NO;
				CURRENT_PROJECT_VERSION = 1;
				DEBUG_INFORMATION_FORMAT = "dwarf-with-dsym";
				ENABLE_NS_ASSERTIONS = NO;
				ENABLE_STRICT_OBJC_MSGSEND = YES;
				GCC_C_LANGUAGE_STANDARD = gnu11;
				GCC_NO_COMMON_BLOCKS = YES;
				GCC_WARN_64_TO_32_BIT_CONVERSION = YES;
				GCC_WARN_ABOUT_RETURN_TYPE = YES_ERROR;
				GCC_WARN_UNDECLARED_SELECTOR = YES;
				GCC_WARN_UNINITIALIZED_AUTOS = YES_AGGRESSIVE;
				GCC_WARN_UNUSED_FUNCTION = YES;
				GCC_WARN_UNUSED_VARIABLE = YES;
				IPHONEOS_DEPLOYMENT_TARGET = 16.4;
				MTL_ENABLE_DEBUG_INFO = NO;
				MTL_FAST_MATH = YES;
				SDKROOT = iphoneos;
				VALIDATE_PRODUCT = YES;
				VERSIONING_SYSTEM = "apple-generic";
				VERSION_INFO_PREFIX = "";
			};
			name = Release;
		};
		FA60E0442BBAB8E800296A92 /* Debug */ = {
			isa = XCBuildConfiguration;
			buildSettings = {
				CODE_SIGN_STYLE = Automatic;
				CURRENT_PROJECT_VERSION = 1;
				DEFINES_MODULE = YES;
				DEVELOPMENT_TEAM = 93L48P54PX;
				DYLIB_COMPATIBILITY_VERSION = 1;
				DYLIB_CURRENT_VERSION = 1;
				DYLIB_INSTALL_NAME_BASE = "@rpath";
				ENABLE_MODULE_VERIFIER = YES;
				GENERATE_INFOPLIST_FILE = YES;
				INFOPLIST_KEY_NSHumanReadableCopyright = "";
				INSTALL_PATH = "$(LOCAL_LIBRARY_DIR)/Frameworks";
				LD_RUNPATH_SEARCH_PATHS = (
					"$(inherited)",
					"@executable_path/Frameworks",
					"@loader_path/Frameworks",
				);
				MARKETING_VERSION = 1.0;
				MODULE_VERIFIER_SUPPORTED_LANGUAGES = "objective-c objective-c++";
				MODULE_VERIFIER_SUPPORTED_LANGUAGE_STANDARDS = "gnu11 gnu++20";
				PRODUCT_BUNDLE_IDENTIFIER = "com.rongping.framework-app.TestFramework";
				PRODUCT_NAME = "$(TARGET_NAME:c99extidentifier)";
				SKIP_INSTALL = YES;
				SWIFT_EMIT_LOC_STRINGS = YES;
				TARGETED_DEVICE_FAMILY = "1,2";
			};
			name = Debug;
		};
		FA60E0452BBAB8E800296A92 /* Release */ = {
			isa = XCBuildConfiguration;
			buildSettings = {
				CODE_SIGN_STYLE = Automatic;
				CURRENT_PROJECT_VERSION = 1;
				DEFINES_MODULE = YES;
				DEVELOPMENT_TEAM = 93L48P54PX;
				DYLIB_COMPATIBILITY_VERSION = 1;
				DYLIB_CURRENT_VERSION = 1;
				DYLIB_INSTALL_NAME_BASE = "@rpath";
				ENABLE_MODULE_VERIFIER = YES;
				GENERATE_INFOPLIST_FILE = YES;
				INFOPLIST_KEY_NSHumanReadableCopyright = "";
				INSTALL_PATH = "$(LOCAL_LIBRARY_DIR)/Frameworks";
				LD_RUNPATH_SEARCH_PATHS = (
					"$(inherited)",
					"@executable_path/Frameworks",
					"@loader_path/Frameworks",
				);
				MARKETING_VERSION = 1.0;
				MODULE_VERIFIER_SUPPORTED_LANGUAGES = "objective-c objective-c++";
				MODULE_VERIFIER_SUPPORTED_LANGUAGE_STANDARDS = "gnu11 gnu++20";
				PRODUCT_BUNDLE_IDENTIFIER = "com.rongping.framework-app.TestFramework";
				PRODUCT_NAME = "$(TARGET_NAME:c99extidentifier)";
				SKIP_INSTALL = YES;
				SWIFT_EMIT_LOC_STRINGS = YES;
				TARGETED_DEVICE_FAMILY = "1,2";
			};
			name = Release;
		};
		FA60E0472BBAB8E800296A92 /* Debug */ = {
			isa = XCBuildConfiguration;
			buildSettings = {
				CODE_SIGN_STYLE = Automatic;
				CURRENT_PROJECT_VERSION = 1;
				DEVELOPMENT_TEAM = 93L48P54PX;
				GENERATE_INFOPLIST_FILE = YES;
				MARKETING_VERSION = 1.0;
				PRODUCT_BUNDLE_IDENTIFIER = "com.rongping.framework-app.TestFrameworkTests";
				PRODUCT_NAME = "$(TARGET_NAME)";
				SWIFT_EMIT_LOC_STRINGS = NO;
				TARGETED_DEVICE_FAMILY = "1,2";
			};
			name = Debug;
		};
		FA60E0482BBAB8E800296A92 /* Release */ = {
			isa = XCBuildConfiguration;
			buildSettings = {
				CODE_SIGN_STYLE = Automatic;
				CURRENT_PROJECT_VERSION = 1;
				DEVELOPMENT_TEAM = 93L48P54PX;
				GENERATE_INFOPLIST_FILE = YES;
				MARKETING_VERSION = 1.0;
				PRODUCT_BUNDLE_IDENTIFIER = "com.rongping.framework-app.TestFrameworkTests";
				PRODUCT_NAME = "$(TARGET_NAME)";
				SWIFT_EMIT_LOC_STRINGS = NO;
				TARGETED_DEVICE_FAMILY = "1,2";
			};
			name = Release;
		};
/* End XCBuildConfiguration section */

/* Begin XCConfigurationList section */
		FA60E0292BBAB8E700296A92 /* Build configuration list for PBXProject "TestFramework" */ = {
			isa = XCConfigurationList;
			buildConfigurations = (
				FA60E0412BBAB8E800296A92 /* Debug */,
				FA60E0422BBAB8E800296A92 /* Release */,
			);
			defaultConfigurationIsVisible = 0;
			defaultConfigurationName = Release;
		};
		FA60E0432BBAB8E800296A92 /* Build configuration list for PBXNativeTarget "TestFramework" */ = {
			isa = XCConfigurationList;
			buildConfigurations = (
				FA60E0442BBAB8E800296A92 /* Debug */,
				FA60E0452BBAB8E800296A92 /* Release */,
			);
			defaultConfigurationIsVisible = 0;
			defaultConfigurationName = Release;
		};
		FA60E0462BBAB8E800296A92 /* Build configuration list for PBXNativeTarget "TestFrameworkTests" */ = {
			isa = XCConfigurationList;
			buildConfigurations = (
				FA60E0472BBAB8E800296A92 /* Debug */,
				FA60E0482BBAB8E800296A92 /* Release */,
			);
			defaultConfigurationIsVisible = 0;
			defaultConfigurationName = Release;
		};
/* End XCConfigurationList section */
	};
	rootObject = FA60E0262BBAB8E700296A92 /* Project object */;
}
